# Generated by pub
# See https://dart.dev/tools/pub/glossary#lockfile
packages:
  archive:
    dependency: transitive
    description:
      name: archive
      url: "https://pub.dartlang.org"
    source: hosted
    version: "3.3.1"
  async:
    dependency: transitive
    description:
      name: async
      url: "https://pub.dartlang.org"
    source: hosted
    version: "2.9.0"
  bcrypt:
    dependency: "direct main"
    description:
      name: bcrypt
      url: "https://pub.dartlang.org"
    source: hosted
    version: "1.1.3"
  buffer:
    dependency: transitive
    description:
      name: buffer
      url: "https://pub.dartlang.org"
    source: hosted
    version: "1.1.1"
  collection:
    dependency: transitive
    description:
      name: collection
      url: "https://pub.dartlang.org"
    source: hosted
    version: "1.16.0"
  convert:
    dependency: transitive
    description:
      name: convert
      url: "https://pub.dartlang.org"
    source: hosted
    version: "3.0.2"
  crypto:
    dependency: transitive
    description:
      name: crypto
      url: "https://pub.dartlang.org"
    source: hosted
    version: "3.0.2"
  custom_environment:
    dependency: "direct main"
    description:
      path: "packages/custom_environment"
      ref: HEAD
      resolved-ref: f80c601aa81da478645daf8763edc13b28defb44
      url: "https://github.com/tihrasguinho/social_devs.git"
    source: git
    version: "1.0.0"
  custom_events:
    dependency: "direct main"
    description:
      path: "packages/custom_events"
      ref: HEAD
      resolved-ref: f80c601aa81da478645daf8763edc13b28defb44
      url: "https://github.com/tihrasguinho/social_devs.git"
    source: git
    version: "1.0.0"
  dart_ipify:
    dependency: "direct main"
    description:
      name: dart_ipify
      url: "https://pub.dartlang.org"
    source: hosted
    version: "1.1.1"
  dart_jsonwebtoken:
    dependency: "direct main"
    description:
      name: dart_jsonwebtoken
      url: "https://pub.dartlang.org"
    source: hosted
    version: "2.4.1"
  email_validator:
    dependency: "direct main"
    description:
      name: email_validator
      url: "https://pub.dartlang.org"
    source: hosted
    version: "2.0.1"
  http:
    dependency: transitive
    description:
      name: http
      url: "https://pub.dartlang.org"
    source: hosted
    version: "0.13.5"
  http_methods:
    dependency: transitive
    description:
      name: http_methods
      url: "https://pub.dartlang.org"
    source: hosted
    version: "1.1.0"
  http_parser:
    dependency: transitive
    description:
      name: http_parser
      url: "https://pub.dartlang.org"
    source: hosted
    version: "4.0.1"
  image:
    dependency: "direct main"
    description:
      name: image
      url: "https://pub.dartlang.org"
    source: hosted
    version: "3.2.0"
  js:
    dependency: transitive
    description:
      name: js
      url: "https://pub.dartlang.org"
    source: hosted
    version: "0.6.4"
  lints:
    dependency: "direct dev"
    description:
      name: lints
      url: "https://pub.dartlang.org"
    source: hosted
    version: "2.0.0"
  meta:
    dependency: transitive
    description:
      name: meta
      url: "https://pub.dartlang.org"
    source: hosted
    version: "1.8.0"
  mime:
    dependency: transitive
    description:
      name: mime
      url: "https://pub.dartlang.org"
    source: hosted
    version: "1.0.2"
  path:
    dependency: transitive
    description:
      name: path
      url: "https://pub.dartlang.org"
    source: hosted
    version: "1.8.2"
  pedantic:
    dependency: transitive
    description:
      name: pedantic
      url: "https://pub.dartlang.org"
    source: hosted
    version: "1.11.1"
  petitparser:
    dependency: transitive
    description:
      name: petitparser
      url: "https://pub.dartlang.org"
    source: hosted
    version: "5.0.0"
  pointycastle:
    dependency: transitive
    description:
      name: pointycastle
      url: "https://pub.dartlang.org"
    source: hosted
    version: "3.6.1"
  postgres:
    dependency: "direct main"
    description:
      name: postgres
      url: "https://pub.dartlang.org"
    source: hosted
    version: "2.4.5"
  sasl_scram:
    dependency: transitive
    description:
      name: sasl_scram
      url: "https://pub.dartlang.org"
    source: hosted
    version: "0.1.1"
  saslprep:
    dependency: transitive
    description:
      name: saslprep
      url: "https://pub.dartlang.org"
    source: hosted
    version: "1.0.2"
  shelf:
    dependency: "direct main"
    description:
      name: shelf
      url: "https://pub.dartlang.org"
    source: hosted
    version: "1.3.1"
  shelf_cors_headers:
    dependency: "direct main"
    description:
      name: shelf_cors_headers
      url: "https://pub.dartlang.org"
    source: hosted
    version: "0.1.3"
  shelf_multipart:
    dependency: "direct main"
    description:
      name: shelf_multipart
      url: "https://pub.dartlang.org"
    source: hosted
    version: "1.0.0"
  shelf_router:
    dependency: "direct main"
    description:
      name: shelf_router
      url: "https://pub.dartlang.org"
    source: hosted
    version: "1.1.3"
  shelf_web_socket:
    dependency: "direct main"
    description:
      name: shelf_web_socket
      url: "https://pub.dartlang.org"
    source: hosted
    version: "1.0.2"
  source_span:
    dependency: transitive
    description:
      name: source_span
      url: "https://pub.dartlang.org"
    source: hosted
    version: "1.9.1"
  stack_trace:
    dependency: transitive
    description:
      name: stack_trace
      url: "https://pub.dartlang.org"
    source: hosted
    version: "1.10.0"
  stream_channel:
    dependency: transitive
    description:
      name: stream_channel
      url: "https://pub.dartlang.org"
    source: hosted
    version: "2.1.0"
  string_scanner:
    dependency: transitive
    description:
      name: string_scanner
      url: "https://pub.dartlang.org"
    source: hosted
    version: "1.1.1"
  term_glyph:
    dependency: transitive
    description:
      name: term_glyph
      url: "https://pub.dartlang.org"
    source: hosted
    version: "1.2.1"
  typed_data:
    dependency: transitive
    description:
      name: typed_data
      url: "https://pub.dartlang.org"
    source: hosted
    version: "1.3.1"
  unorm_dart:
    dependency: transitive
    description:
      name: unorm_dart
      url: "https://pub.dartlang.org"
    source: hosted
    version: "0.2.0"
  web_socket_channel:
    dependency: "direct main"
    description:
      name: web_socket_channel
      url: "https://pub.dartlang.org"
    source: hosted
    version: "2.2.0"
  xml:
    dependency: transitive
    description:
      name: xml
      url: "https://pub.dartlang.org"
    source: hosted
    version: "6.1.0"
sdks:
  dart: ">=2.17.6 <3.0.0"
